
Microsoft Visual Studio Solution File, Format Version 12.00
# Visual Studio Version 16
VisualStudioVersion = 16.0.31424.327
MinimumVisualStudioVersion = 10.0.40219.1
Project("{FAE04EC0-301F-11D3-BF4B-00C04F79EFBC}") = "SimpleWinForms", "SimpleWinForms\SimpleWinForms.csproj", "{0D85C73D-16C9-480B-9F1F-B2D49ECC5C9D}"
EndProject
Global
	GlobalSection(SolutionConfigurationPlatforms) = preSolution
		Debug|Any CPU = Debug|Any CPU
		Release|Any CPU = Release|Any CPU
	EndGlobalSection
	GlobalSection(ProjectConfigurationPlatforms) = postSolution
		{0D85C73D-16C9-480B-9F1F-B2D49ECC5C9D}.Debug|Any CPU.ActiveCfg = Debug|Any CPU
		{0D85C73D-16C9-480B-9F1F-B2D49ECC5C9D}.Debug|Any CPU.Build.0 = Debug|Any CPU
		{0D85C73D-16C9-480B-9F1F-B2D49ECC5C9D}.Release|Any CPU.ActiveCfg = Release|Any CPU
		{0D85C73D-16C9-480B-9F1F-B2D49ECC5C9D}.Release|Any CPU.Build.0 = Release|Any CPU
	EndGlobalSection
	GlobalSection(SolutionProperties) = preSolution
		HideSolutionNode = FALSE
	EndGlobalSection
	GlobalSection(ExtensibilityGlobals) = postSolution
		SolutionGuid = {F1CF14C4-DDAC-4C58-B932-6D42300C1A66}
	EndGlobalSection
EndGlobal
